
Microsoft Visual Studio Solution File, Format Version 12.00
# Visual Studio 15
VisualStudioVersion = 15.0.26730.12
MinimumVisualStudioVersion = 10.0.40219.1
Project("{FAE04EC0-301F-11D3-BF4B-00C04F79EFBC}") = "Xamarin2.Android", "Xamarin2\Xamarin2.Android\Xamarin2.Android.csproj", "{052EB25F-0AC3-4BD9-8122-D13A47C9919B}"
EndProject
Project("{FAE04EC0-301F-11D3-BF4B-00C04F79EFBC}") = "Xamarin2", "Xamarin2\Xamarin2\Xamarin2.csproj", "{5F1E54D9-88FA-41E9-8BDE-1567D1786700}"
EndProject
Project("{FAE04EC0-301F-11D3-BF4B-00C04F79EFBC}") = "Xamarin2.UWP", "Xamarin2\Xamarin2.UWP\Xamarin2.UWP.csproj", "{5A33528A-65D1-4814-B4EB-0C9095D74EAD}"
EndProject
Project("{FAE04EC0-301F-11D3-BF4B-00C04F79EFBC}") = "Xamarin2.iOS", "Xamarin2\Xamarin2.iOS\Xamarin2.iOS.csproj", "{71ECF469-89A9-49CC-B3EE-E84EC2A2FA17}"
EndProject
Global
	GlobalSection(SolutionConfigurationPlatforms) = preSolution
		Ad-Hoc|Any CPU = Ad-Hoc|Any CPU
		Ad-Hoc|ARM = Ad-Hoc|ARM
		Ad-Hoc|iPhone = Ad-Hoc|iPhone
		Ad-Hoc|iPhoneSimulator = Ad-Hoc|iPhoneSimulator
		Ad-Hoc|x64 = Ad-Hoc|x64
		Ad-Hoc|x86 = Ad-Hoc|x86
		AppStore|Any CPU = AppStore|Any CPU
		AppStore|ARM = AppStore|ARM
		AppStore|iPhone = AppStore|iPhone
		AppStore|iPhoneSimulator = AppStore|iPhoneSimulator
		AppStore|x64 = AppStore|x64
		AppStore|x86 = AppStore|x86
		Debug|Any CPU = Debug|Any CPU
		Debug|ARM = Debug|ARM
		Debug|iPhone = Debug|iPhone
		Debug|iPhoneSimulator = Debug|iPhoneSimulator
		Debug|x64 = Debug|x64
		Debug|x86 = Debug|x86
		Release|Any CPU = Release|Any CPU
		Release|ARM = Release|ARM
		Release|iPhone = Release|iPhone
		Release|iPhoneSimulator = Release|iPhoneSimulator
		Release|x64 = Release|x64
		Release|x86 = Release|x86
	EndGlobalSection
	GlobalSection(ProjectConfigurationPlatforms) = postSolution
		{052EB25F-0AC3-4BD9-8122-D13A47C9919B}.Ad-Hoc|Any CPU.ActiveCfg = Release|Any CPU
		{052EB25F-0AC3-4BD9-8122-D13A47C9919B}.Ad-Hoc|Any CPU.Build.0 = Release|Any CPU
		{052EB25F-0AC3-4BD9-8122-D13A47C9919B}.Ad-Hoc|Any CPU.Deploy.0 = Release|Any CPU
		{052EB25F-0AC3-4BD9-8122-D13A47C9919B}.Ad-Hoc|ARM.ActiveCfg = Release|Any CPU
		{052EB25F-0AC3-4BD9-8122-D13A47C9919B}.Ad-Hoc|ARM.Build.0 = Release|Any CPU
		{052EB25F-0AC3-4BD9-8122-D13A47C9919B}.Ad-Hoc|ARM.Deploy.0 = Release|Any CPU
		{052EB25F-0AC3-4BD9-8122-D13A47C9919B}.Ad-Hoc|iPhone.ActiveCfg = Release|Any CPU
		{052EB25F-0AC3-4BD9-8122-D13A47C9919B}.Ad-Hoc|iPhone.Build.0 = Release|Any CPU
		{052EB25F-0AC3-4BD9-8122-D13A47C9919B}.Ad-Hoc|iPhone.Deploy.0 = Release|Any CPU
		{052EB25F-0AC3-4BD9-8122-D13A47C9919B}.Ad-Hoc|iPhoneSimulator.ActiveCfg = Release|Any CPU
		{052EB25F-0AC3-4BD9-8122-D13A47C9919B}.Ad-Hoc|iPhoneSimulator.Build.0 = Release|Any CPU
		{052EB25F-0AC3-4BD9-8122-D13A47C9919B}.Ad-Hoc|iPhoneSimulator.Deploy.0 = Release|Any CPU
		{052EB25F-0AC3-4BD9-8122-D13A47C9919B}.Ad-Hoc|x64.ActiveCfg = Release|Any CPU
		{052EB25F-0AC3-4BD9-8122-D13A47C9919B}.Ad-Hoc|x64.Build.0 = Release|Any CPU
		{052EB25F-0AC3-4BD9-8122-D13A47C9919B}.Ad-Hoc|x64.Deploy.0 = Release|Any CPU
		{052EB25F-0AC3-4BD9-8122-D13A47C9919B}.Ad-Hoc|x86.ActiveCfg = Release|Any CPU
		{052EB25F-0AC3-4BD9-8122-D13A47C9919B}.Ad-Hoc|x86.Build.0 = Release|Any CPU
		{052EB25F-0AC3-4BD9-8122-D13A47C9919B}.Ad-Hoc|x86.Deploy.0 = Release|Any CPU
		{052EB25F-0AC3-4BD9-8122-D13A47C9919B}.AppStore|Any CPU.ActiveCfg = Release|Any CPU
		{052EB25F-0AC3-4BD9-8122-D13A47C9919B}.AppStore|Any CPU.Build.0 = Release|Any CPU
		{052EB25F-0AC3-4BD9-8122-D13A47C9919B}.AppStore|Any CPU.Deploy.0 = Release|Any CPU
		{052EB25F-0AC3-4BD9-8122-D13A47C9919B}.AppStore|ARM.ActiveCfg = Release|Any CPU
		{052EB25F-0AC3-4BD9-8122-D13A47C9919B}.AppStore|ARM.Build.0 = Release|Any CPU
		{052EB25F-0AC3-4BD9-8122-D13A47C9919B}.AppStore|ARM.Deploy.0 = Release|Any CPU
		{052EB25F-0AC3-4BD9-8122-D13A47C9919B}.AppStore|iPhone.ActiveCfg = Release|Any CPU
		{052EB25F-0AC3-4BD9-8122-D13A47C9919B}.AppStore|iPhone.Build.0 = Release|Any CPU
		{052EB25F-0AC3-4BD9-8122-D13A47C9919B}.AppStore|iPhone.Deploy.0 = Release|Any CPU
		{052EB25F-0AC3-4BD9-8122-D13A47C9919B}.AppStore|iPhoneSimulator.ActiveCfg = Release|Any CPU
		{052EB25F-0AC3-4BD9-8122-D13A47C9919B}.AppStore|iPhoneSimulator.Build.0 = Release|Any CPU
		{052EB25F-0AC3-4BD9-8122-D13A47C9919B}.AppStore|iPhoneSimulator.Deploy.0 = Release|Any CPU
		{052EB25F-0AC3-4BD9-8122-D13A47C9919B}.AppStore|x64.ActiveCfg = Release|Any CPU
		{052EB25F-0AC3-4BD9-8122-D13A47C9919B}.AppStore|x64.Build.0 = Release|Any CPU
		{052EB25F-0AC3-4BD9-8122-D13A47C9919B}.AppStore|x64.Deploy.0 = Release|Any CPU
		{052EB25F-0AC3-4BD9-8122-D13A47C9919B}.AppStore|x86.ActiveCfg = Release|Any CPU
		{052EB25F-0AC3-4BD9-8122-D13A47C9919B}.AppStore|x86.Build.0 = Release|Any CPU
		{052EB25F-0AC3-4BD9-8122-D13A47C9919B}.AppStore|x86.Deploy.0 = Release|Any CPU
		{052EB25F-0AC3-4BD9-8122-D13A47C9919B}.Debug|Any CPU.ActiveCfg = Debug|Any CPU
		{052EB25F-0AC3-4BD9-8122-D13A47C9919B}.Debug|Any CPU.Build.0 = Debug|Any CPU
		{052EB25F-0AC3-4BD9-8122-D13A47C9919B}.Debug|Any CPU.Deploy.0 = Debug|Any CPU
		{052EB25F-0AC3-4BD9-8122-D13A47C9919B}.Debug|ARM.ActiveCfg = Debug|Any CPU
		{052EB25F-0AC3-4BD9-8122-D13A47C9919B}.Debug|ARM.Build.0 = Debug|Any CPU
		{052EB25F-0AC3-4BD9-8122-D13A47C9919B}.Debug|ARM.Deploy.0 = Debug|Any CPU
		{052EB25F-0AC3-4BD9-8122-D13A47C9919B}.Debug|iPhone.ActiveCfg = Debug|Any CPU
		{052EB25F-0AC3-4BD9-8122-D13A47C9919B}.Debug|iPhone.Build.0 = Debug|Any CPU
		{052EB25F-0AC3-4BD9-8122-D13A47C9919B}.Debug|iPhone.Deploy.0 = Debug|Any CPU
		{052EB25F-0AC3-4BD9-8122-D13A47C9919B}.Debug|iPhoneSimulator.ActiveCfg = Debug|Any CPU
		{052EB25F-0AC3-4BD9-8122-D13A47C9919B}.Debug|iPhoneSimulator.Build.0 = Debug|Any CPU
		{052EB25F-0AC3-4BD9-8122-D13A47C9919B}.Debug|iPhoneSimulator.Deploy.0 = Debug|Any CPU
		{052EB25F-0AC3-4BD9-8122-D13A47C9919B}.Debug|x64.ActiveCfg = Debug|Any CPU
		{052EB25F-0AC3-4BD9-8122-D13A47C9919B}.Debug|x64.Build.0 = Debug|Any CPU
		{052EB25F-0AC3-4BD9-8122-D13A47C9919B}.Debug|x64.Deploy.0 = Debug|Any CPU
		{052EB25F-0AC3-4BD9-8122-D13A47C9919B}.Debug|x86.ActiveCfg = Debug|Any CPU
		{052EB25F-0AC3-4BD9-8122-D13A47C9919B}.Debug|x86.Build.0 = Debug|Any CPU
		{052EB25F-0AC3-4BD9-8122-D13A47C9919B}.Debug|x86.Deploy.0 = Debug|Any CPU
		{052EB25F-0AC3-4BD9-8122-D13A47C9919B}.Release|Any CPU.ActiveCfg = Release|Any CPU
		{052EB25F-0AC3-4BD9-8122-D13A47C9919B}.Release|Any CPU.Build.0 = Release|Any CPU
		{052EB25F-0AC3-4BD9-8122-D13A47C9919B}.Release|Any CPU.Deploy.0 = Release|Any CPU
		{052EB25F-0AC3-4BD9-8122-D13A47C9919B}.Release|ARM.ActiveCfg = Release|Any CPU
		{052EB25F-0AC3-4BD9-8122-D13A47C9919B}.Release|ARM.Build.0 = Release|Any CPU
		{052EB25F-0AC3-4BD9-8122-D13A47C9919B}.Release|ARM.Deploy.0 = Release|Any CPU
		{052EB25F-0AC3-4BD9-8122-D13A47C9919B}.Release|iPhone.ActiveCfg = Release|Any CPU
		{052EB25F-0AC3-4BD9-8122-D13A47C9919B}.Release|iPhone.Build.0 = Release|Any CPU
		{052EB25F-0AC3-4BD9-8122-D13A47C9919B}.Release|iPhone.Deploy.0 = Release|Any CPU
		{052EB25F-0AC3-4BD9-8122-D13A47C9919B}.Release|iPhoneSimulator.ActiveCfg = Release|Any CPU
		{052EB25F-0AC3-4BD9-8122-D13A47C9919B}.Release|iPhoneSimulator.Build.0 = Release|Any CPU
		{052EB25F-0AC3-4BD9-8122-D13A47C9919B}.Release|iPhoneSimulator.Deploy.0 = Release|Any CPU
		{052EB25F-0AC3-4BD9-8122-D13A47C9919B}.Release|x64.ActiveCfg = Release|Any CPU
		{052EB25F-0AC3-4BD9-8122-D13A47C9919B}.Release|x64.Build.0 = Release|Any CPU
		{052EB25F-0AC3-4BD9-8122-D13A47C9919B}.Release|x64.Deploy.0 = Release|Any CPU
		{052EB25F-0AC3-4BD9-8122-D13A47C9919B}.Release|x86.ActiveCfg = Release|Any CPU
		{052EB25F-0AC3-4BD9-8122-D13A47C9919B}.Release|x86.Build.0 = Release|Any CPU
		{052EB25F-0AC3-4BD9-8122-D13A47C9919B}.Release|x86.Deploy.0 = Release|Any CPU
		{5F1E54D9-88FA-41E9-8BDE-1567D1786700}.Ad-Hoc|Any CPU.ActiveCfg = Release|Any CPU
		{5F1E54D9-88FA-41E9-8BDE-1567D1786700}.Ad-Hoc|Any CPU.Build.0 = Release|Any CPU
		{5F1E54D9-88FA-41E9-8BDE-1567D1786700}.Ad-Hoc|ARM.ActiveCfg = Release|Any CPU
		{5F1E54D9-88FA-41E9-8BDE-1567D1786700}.Ad-Hoc|ARM.Build.0 = Release|Any CPU
		{5F1E54D9-88FA-41E9-8BDE-1567D1786700}.Ad-Hoc|iPhone.ActiveCfg = Release|Any CPU
		{5F1E54D9-88FA-41E9-8BDE-1567D1786700}.Ad-Hoc|iPhone.Build.0 = Release|Any CPU
		{5F1E54D9-88FA-41E9-8BDE-1567D1786700}.Ad-Hoc|iPhoneSimulator.ActiveCfg = Release|Any CPU
		{5F1E54D9-88FA-41E9-8BDE-1567D1786700}.Ad-Hoc|iPhoneSimulator.Build.0 = Release|Any CPU
		{5F1E54D9-88FA-41E9-8BDE-1567D1786700}.Ad-Hoc|x64.ActiveCfg = Release|Any CPU
		{5F1E54D9-88FA-41E9-8BDE-1567D1786700}.Ad-Hoc|x64.Build.0 = Release|Any CPU
		{5F1E54D9-88FA-41E9-8BDE-1567D1786700}.Ad-Hoc|x86.ActiveCfg = Release|Any CPU
		{5F1E54D9-88FA-41E9-8BDE-1567D1786700}.Ad-Hoc|x86.Build.0 = Release|Any CPU
		{5F1E54D9-88FA-41E9-8BDE-1567D1786700}.AppStore|Any CPU.ActiveCfg = Release|Any CPU
		{5F1E54D9-88FA-41E9-8BDE-1567D1786700}.AppStore|Any CPU.Build.0 = Release|Any CPU
		{5F1E54D9-88FA-41E9-8BDE-1567D1786700}.AppStore|ARM.ActiveCfg = Release|Any CPU
		{5F1E54D9-88FA-41E9-8BDE-1567D1786700}.AppStore|ARM.Build.0 = Release|Any CPU
		{5F1E54D9-88FA-41E9-8BDE-1567D1786700}.AppStore|iPhone.ActiveCfg = Release|Any CPU
		{5F1E54D9-88FA-41E9-8BDE-1567D1786700}.AppStore|iPhone.Build.0 = Release|Any CPU
		{5F1E54D9-88FA-41E9-8BDE-1567D1786700}.AppStore|iPhoneSimulator.ActiveCfg = Release|Any CPU
		{5F1E54D9-88FA-41E9-8BDE-1567D1786700}.AppStore|iPhoneSimulator.Build.0 = Release|Any CPU
		{5F1E54D9-88FA-41E9-8BDE-1567D1786700}.AppStore|x64.ActiveCfg = Release|Any CPU
		{5F1E54D9-88FA-41E9-8BDE-1567D1786700}.AppStore|x64.Build.0 = Release|Any CPU
		{5F1E54D9-88FA-41E9-8BDE-1567D1786700}.AppStore|x86.ActiveCfg = Release|Any CPU
		{5F1E54D9-88FA-41E9-8BDE-1567D1786700}.AppStore|x86.Build.0 = Release|Any CPU
		{5F1E54D9-88FA-41E9-8BDE-1567D1786700}.Debug|Any CPU.ActiveCfg = Debug|Any CPU
		{5F1E54D9-88FA-41E9-8BDE-1567D1786700}.Debug|Any CPU.Build.0 = Debug|Any CPU
		{5F1E54D9-88FA-41E9-8BDE-1567D1786700}.Debug|ARM.ActiveCfg = Debug|Any CPU
		{5F1E54D9-88FA-41E9-8BDE-1567D1786700}.Debug|ARM.Build.0 = Debug|Any CPU
		{5F1E54D9-88FA-41E9-8BDE-1567D1786700}.Debug|iPhone.ActiveCfg = Debug|Any CPU
		{5F1E54D9-88FA-41E9-8BDE-1567D1786700}.Debug|iPhone.Build.0 = Debug|Any CPU
		{5F1E54D9-88FA-41E9-8BDE-1567D1786700}.Debug|iPhoneSimulator.ActiveCfg = Debug|Any CPU
		{5F1E54D9-88FA-41E9-8BDE-1567D1786700}.Debug|iPhoneSimulator.Build.0 = Debug|Any CPU
		{5F1E54D9-88FA-41E9-8BDE-1567D1786700}.Debug|x64.ActiveCfg = Debug|Any CPU
		{5F1E54D9-88FA-41E9-8BDE-1567D1786700}.Debug|x64.Build.0 = Debug|Any CPU
		{5F1E54D9-88FA-41E9-8BDE-1567D1786700}.Debug|x86.ActiveCfg = Debug|Any CPU
		{5F1E54D9-88FA-41E9-8BDE-1567D1786700}.Debug|x86.Build.0 = Debug|Any CPU
		{5F1E54D9-88FA-41E9-8BDE-1567D1786700}.Release|Any CPU.ActiveCfg = Release|Any CPU
		{5F1E54D9-88FA-41E9-8BDE-1567D1786700}.Release|Any CPU.Build.0 = Release|Any CPU
		{5F1E54D9-88FA-41E9-8BDE-1567D1786700}.Release|ARM.ActiveCfg = Release|Any CPU
		{5F1E54D9-88FA-41E9-8BDE-1567D1786700}.Release|ARM.Build.0 = Release|Any CPU
		{5F1E54D9-88FA-41E9-8BDE-1567D1786700}.Release|iPhone.ActiveCfg = Release|Any CPU
		{5F1E54D9-88FA-41E9-8BDE-1567D1786700}.Release|iPhone.Build.0 = Release|Any CPU
		{5F1E54D9-88FA-41E9-8BDE-1567D1786700}.Release|iPhoneSimulator.ActiveCfg = Release|Any CPU
		{5F1E54D9-88FA-41E9-8BDE-1567D1786700}.Release|iPhoneSimulator.Build.0 = Release|Any CPU
		{5F1E54D9-88FA-41E9-8BDE-1567D1786700}.Release|x64.ActiveCfg = Release|Any CPU
		{5F1E54D9-88FA-41E9-8BDE-1567D1786700}.Release|x64.Build.0 = Release|Any CPU
		{5F1E54D9-88FA-41E9-8BDE-1567D1786700}.Release|x86.ActiveCfg = Release|Any CPU
		{5F1E54D9-88FA-41E9-8BDE-1567D1786700}.Release|x86.Build.0 = Release|Any CPU
		{5A33528A-65D1-4814-B4EB-0C9095D74EAD}.Ad-Hoc|Any CPU.ActiveCfg = Release|x86
		{5A33528A-65D1-4814-B4EB-0C9095D74EAD}.Ad-Hoc|Any CPU.Build.0 = Release|x86
		{5A33528A-65D1-4814-B4EB-0C9095D74EAD}.Ad-Hoc|Any CPU.Deploy.0 = Release|x86
		{5A33528A-65D1-4814-B4EB-0C9095D74EAD}.Ad-Hoc|ARM.ActiveCfg = Release|ARM
		{5A33528A-65D1-4814-B4EB-0C9095D74EAD}.Ad-Hoc|ARM.Build.0 = Release|ARM
		{5A33528A-65D1-4814-B4EB-0C9095D74EAD}.Ad-Hoc|ARM.Deploy.0 = Release|ARM
		{5A33528A-65D1-4814-B4EB-0C9095D74EAD}.Ad-Hoc|iPhone.ActiveCfg = Release|x86
		{5A33528A-65D1-4814-B4EB-0C9095D74EAD}.Ad-Hoc|iPhone.Build.0 = Release|x86
		{5A33528A-65D1-4814-B4EB-0C9095D74EAD}.Ad-Hoc|iPhone.Deploy.0 = Release|x86
		{5A33528A-65D1-4814-B4EB-0C9095D74EAD}.Ad-Hoc|iPhoneSimulator.ActiveCfg = Release|x86
		{5A33528A-65D1-4814-B4EB-0C9095D74EAD}.Ad-Hoc|iPhoneSimulator.Build.0 = Release|x86
		{5A33528A-65D1-4814-B4EB-0C9095D74EAD}.Ad-Hoc|iPhoneSimulator.Deploy.0 = Release|x86
		{5A33528A-65D1-4814-B4EB-0C9095D74EAD}.Ad-Hoc|x64.ActiveCfg = Release|x64
		{5A33528A-65D1-4814-B4EB-0C9095D74EAD}.Ad-Hoc|x64.Build.0 = Release|x64
		{5A33528A-65D1-4814-B4EB-0C9095D74EAD}.Ad-Hoc|x64.Deploy.0 = Release|x64
		{5A33528A-65D1-4814-B4EB-0C9095D74EAD}.Ad-Hoc|x86.ActiveCfg = Release|x86
		{5A33528A-65D1-4814-B4EB-0C9095D74EAD}.Ad-Hoc|x86.Build.0 = Release|x86
		{5A33528A-65D1-4814-B4EB-0C9095D74EAD}.Ad-Hoc|x86.Deploy.0 = Release|x86
		{5A33528A-65D1-4814-B4EB-0C9095D74EAD}.AppStore|Any CPU.ActiveCfg = Release|x86
		{5A33528A-65D1-4814-B4EB-0C9095D74EAD}.AppStore|Any CPU.Build.0 = Release|x86
		{5A33528A-65D1-4814-B4EB-0C9095D74EAD}.AppStore|Any CPU.Deploy.0 = Release|x86
		{5A33528A-65D1-4814-B4EB-0C9095D74EAD}.AppStore|ARM.ActiveCfg = Release|ARM
		{5A33528A-65D1-4814-B4EB-0C9095D74EAD}.AppStore|ARM.Build.0 = Release|ARM
		{5A33528A-65D1-4814-B4EB-0C9095D74EAD}.AppStore|ARM.Deploy.0 = Release|ARM
		{5A33528A-65D1-4814-B4EB-0C9095D74EAD}.AppStore|iPhone.ActiveCfg = Release|x86
		{5A33528A-65D1-4814-B4EB-0C9095D74EAD}.AppStore|iPhone.Build.0 = Release|x86
		{5A33528A-65D1-4814-B4EB-0C9095D74EAD}.AppStore|iPhone.Deploy.0 = Release|x86
		{5A33528A-65D1-4814-B4EB-0C9095D74EAD}.AppStore|iPhoneSimulator.ActiveCfg = Release|x86
		{5A33528A-65D1-4814-B4EB-0C9095D74EAD}.AppStore|iPhoneSimulator.Build.0 = Release|x86
		{5A33528A-65D1-4814-B4EB-0C9095D74EAD}.AppStore|iPhoneSimulator.Deploy.0 = Release|x86
		{5A33528A-65D1-4814-B4EB-0C9095D74EAD}.AppStore|x64.ActiveCfg = Release|x64
		{5A33528A-65D1-4814-B4EB-0C9095D74EAD}.AppStore|x64.Build.0 = Release|x64
		{5A33528A-65D1-4814-B4EB-0C9095D74EAD}.AppStore|x64.Deploy.0 = Release|x64
		{5A33528A-65D1-4814-B4EB-0C9095D74EAD}.AppStore|x86.ActiveCfg = Release|x86
		{5A33528A-65D1-4814-B4EB-0C9095D74EAD}.AppStore|x86.Build.0 = Release|x86
		{5A33528A-65D1-4814-B4EB-0C9095D74EAD}.AppStore|x86.Deploy.0 = Release|x86
		{5A33528A-65D1-4814-B4EB-0C9095D74EAD}.Debug|Any CPU.ActiveCfg = Debug|x86
		{5A33528A-65D1-4814-B4EB-0C9095D74EAD}.Debug|ARM.ActiveCfg = Debug|ARM
		{5A33528A-65D1-4814-B4EB-0C9095D74EAD}.Debug|ARM.Build.0 = Debug|ARM
		{5A33528A-65D1-4814-B4EB-0C9095D74EAD}.Debug|ARM.Deploy.0 = Debug|ARM
		{5A33528A-65D1-4814-B4EB-0C9095D74EAD}.Debug|iPhone.ActiveCfg = Debug|x86
		{5A33528A-65D1-4814-B4EB-0C9095D74EAD}.Debug|iPhoneSimulator.ActiveCfg = Debug|x86
		{5A33528A-65D1-4814-B4EB-0C9095D74EAD}.Debug|x64.ActiveCfg = Debug|x64
		{5A33528A-65D1-4814-B4EB-0C9095D74EAD}.Debug|x64.Build.0 = Debug|x64
		{5A33528A-65D1-4814-B4EB-0C9095D74EAD}.Debug|x64.Deploy.0 = Debug|x64
		{5A33528A-65D1-4814-B4EB-0C9095D74EAD}.Debug|x86.ActiveCfg = Debug|x86
		{5A33528A-65D1-4814-B4EB-0C9095D74EAD}.Debug|x86.Build.0 = Debug|x86
		{5A33528A-65D1-4814-B4EB-0C9095D74EAD}.Debug|x86.Deploy.0 = Debug|x86
		{5A33528A-65D1-4814-B4EB-0C9095D74EAD}.Release|Any CPU.ActiveCfg = Release|x86
		{5A33528A-65D1-4814-B4EB-0C9095D74EAD}.Release|ARM.ActiveCfg = Release|ARM
		{5A33528A-65D1-4814-B4EB-0C9095D74EAD}.Release|ARM.Build.0 = Release|ARM
		{5A33528A-65D1-4814-B4EB-0C9095D74EAD}.Release|ARM.Deploy.0 = Release|ARM
		{5A33528A-65D1-4814-B4EB-0C9095D74EAD}.Release|iPhone.ActiveCfg = Release|x86
		{5A33528A-65D1-4814-B4EB-0C9095D74EAD}.Release|iPhoneSimulator.ActiveCfg = Release|x86
		{5A33528A-65D1-4814-B4EB-0C9095D74EAD}.Release|x64.ActiveCfg = Release|x64
		{5A33528A-65D1-4814-B4EB-0C9095D74EAD}.Release|x64.Build.0 = Release|x64
		{5A33528A-65D1-4814-B4EB-0C9095D74EAD}.Release|x64.Deploy.0 = Release|x64
		{5A33528A-65D1-4814-B4EB-0C9095D74EAD}.Release|x86.ActiveCfg = Release|x86
		{5A33528A-65D1-4814-B4EB-0C9095D74EAD}.Release|x86.Build.0 = Release|x86
		{5A33528A-65D1-4814-B4EB-0C9095D74EAD}.Release|x86.Deploy.0 = Release|x86
		{71ECF469-89A9-49CC-B3EE-E84EC2A2FA17}.Ad-Hoc|Any CPU.ActiveCfg = Ad-Hoc|iPhone
		{71ECF469-89A9-49CC-B3EE-E84EC2A2FA17}.Ad-Hoc|ARM.ActiveCfg = Ad-Hoc|iPhone
		{71ECF469-89A9-49CC-B3EE-E84EC2A2FA17}.Ad-Hoc|iPhone.ActiveCfg = Ad-Hoc|iPhone
		{71ECF469-89A9-49CC-B3EE-E84EC2A2FA17}.Ad-Hoc|iPhone.Build.0 = Ad-Hoc|iPhone
		{71ECF469-89A9-49CC-B3EE-E84EC2A2FA17}.Ad-Hoc|iPhoneSimulator.ActiveCfg = Ad-Hoc|iPhoneSimulator
		{71ECF469-89A9-49CC-B3EE-E84EC2A2FA17}.Ad-Hoc|iPhoneSimulator.Build.0 = Ad-Hoc|iPhoneSimulator
		{71ECF469-89A9-49CC-B3EE-E84EC2A2FA17}.Ad-Hoc|x64.ActiveCfg = Ad-Hoc|iPhone
		{71ECF469-89A9-49CC-B3EE-E84EC2A2FA17}.Ad-Hoc|x86.ActiveCfg = Ad-Hoc|iPhone
		{71ECF469-89A9-49CC-B3EE-E84EC2A2FA17}.AppStore|Any CPU.ActiveCfg = AppStore|iPhone
		{71ECF469-89A9-49CC-B3EE-E84EC2A2FA17}.AppStore|ARM.ActiveCfg = AppStore|iPhone
		{71ECF469-89A9-49CC-B3EE-E84EC2A2FA17}.AppStore|iPhone.ActiveCfg = AppStore|iPhone
		{71ECF469-89A9-49CC-B3EE-E84EC2A2FA17}.AppStore|iPhone.Build.0 = AppStore|iPhone
		{71ECF469-89A9-49CC-B3EE-E84EC2A2FA17}.AppStore|iPhoneSimulator.ActiveCfg = AppStore|iPhoneSimulator
		{71ECF469-89A9-49CC-B3EE-E84EC2A2FA17}.AppStore|iPhoneSimulator.Build.0 = AppStore|iPhoneSimulator
		{71ECF469-89A9-49CC-B3EE-E84EC2A2FA17}.AppStore|x64.ActiveCfg = AppStore|iPhone
		{71ECF469-89A9-49CC-B3EE-E84EC2A2FA17}.AppStore|x86.ActiveCfg = AppStore|iPhone
		{71ECF469-89A9-49CC-B3EE-E84EC2A2FA17}.Debug|Any CPU.ActiveCfg = Debug|iPhone
		{71ECF469-89A9-49CC-B3EE-E84EC2A2FA17}.Debug|ARM.ActiveCfg = Debug|iPhone
		{71ECF469-89A9-49CC-B3EE-E84EC2A2FA17}.Debug|iPhone.ActiveCfg = Debug|iPhone
		{71ECF469-89A9-49CC-B3EE-E84EC2A2FA17}.Debug|iPhone.Build.0 = Debug|iPhone
		{71ECF469-89A9-49CC-B3EE-E84EC2A2FA17}.Debug|iPhoneSimulator.ActiveCfg = Debug|iPhoneSimulator
		{71ECF469-89A9-49CC-B3EE-E84EC2A2FA17}.Debug|iPhoneSimulator.Build.0 = Debug|iPhoneSimulator
		{71ECF469-89A9-49CC-B3EE-E84EC2A2FA17}.Debug|x64.ActiveCfg = Debug|iPhone
		{71ECF469-89A9-49CC-B3EE-E84EC2A2FA17}.Debug|x86.ActiveCfg = Debug|iPhone
		{71ECF469-89A9-49CC-B3EE-E84EC2A2FA17}.Release|Any CPU.ActiveCfg = Release|iPhone
		{71ECF469-89A9-49CC-B3EE-E84EC2A2FA17}.Release|ARM.ActiveCfg = Release|iPhone
		{71ECF469-89A9-49CC-B3EE-E84EC2A2FA17}.Release|iPhone.ActiveCfg = Release|iPhone
		{71ECF469-89A9-49CC-B3EE-E84EC2A2FA17}.Release|iPhone.Build.0 = Release|iPhone
		{71ECF469-89A9-49CC-B3EE-E84EC2A2FA17}.Release|iPhoneSimulator.ActiveCfg = Release|iPhoneSimulator
		{71ECF469-89A9-49CC-B3EE-E84EC2A2FA17}.Release|iPhoneSimulator.Build.0 = Release|iPhoneSimulator
		{71ECF469-89A9-49CC-B3EE-E84EC2A2FA17}.Release|x64.ActiveCfg = Release|iPhone
		{71ECF469-89A9-49CC-B3EE-E84EC2A2FA17}.Release|x86.ActiveCfg = Release|iPhone
	EndGlobalSection
	GlobalSection(SolutionProperties) = preSolution
		HideSolutionNode = FALSE
	EndGlobalSection
	GlobalSection(ExtensibilityGlobals) = postSolution
		SolutionGuid = {C7310444-F763-4F59-9581-7A82E15F4D74}
	EndGlobalSection
EndGlobal
