
Microsoft Visual Studio Solution File, Format Version 12.00
# Visual Studio 15
VisualStudioVersion = 15.0.27004.2009
MinimumVisualStudioVersion = 10.0.40219.1
Project("{FAE04EC0-301F-11D3-BF4B-00C04F79EFBC}") = "ContactsApp.Android", "ContactsApp\ContactsApp.Android\ContactsApp.Android.csproj", "{25EE7BA7-C509-4691-8F74-9246C6E246BC}"
EndProject
Project("{FAE04EC0-301F-11D3-BF4B-00C04F79EFBC}") = "ContactsApp", "ContactsApp\ContactsApp\ContactsApp.csproj", "{E74C5439-8B56-49B5-81B1-8740EDF346B5}"
EndProject
Project("{FAE04EC0-301F-11D3-BF4B-00C04F79EFBC}") = "ContactsApp.UWP", "ContactsApp\ContactsApp.UWP\ContactsApp.UWP.csproj", "{25EE6387-FDC3-462B-8949-5E6BB623071F}"
EndProject
Project("{FAE04EC0-301F-11D3-BF4B-00C04F79EFBC}") = "ContactsApp.iOS", "ContactsApp\ContactsApp.iOS\ContactsApp.iOS.csproj", "{6ECAF88B-8237-4DC9-AF8A-41CC2D687B9B}"
EndProject
Global
	GlobalSection(SolutionConfigurationPlatforms) = preSolution
		Ad-Hoc|Any CPU = Ad-Hoc|Any CPU
		Ad-Hoc|ARM = Ad-Hoc|ARM
		Ad-Hoc|iPhone = Ad-Hoc|iPhone
		Ad-Hoc|iPhoneSimulator = Ad-Hoc|iPhoneSimulator
		Ad-Hoc|x64 = Ad-Hoc|x64
		Ad-Hoc|x86 = Ad-Hoc|x86
		AppStore|Any CPU = AppStore|Any CPU
		AppStore|ARM = AppStore|ARM
		AppStore|iPhone = AppStore|iPhone
		AppStore|iPhoneSimulator = AppStore|iPhoneSimulator
		AppStore|x64 = AppStore|x64
		AppStore|x86 = AppStore|x86
		Debug|Any CPU = Debug|Any CPU
		Debug|ARM = Debug|ARM
		Debug|iPhone = Debug|iPhone
		Debug|iPhoneSimulator = Debug|iPhoneSimulator
		Debug|x64 = Debug|x64
		Debug|x86 = Debug|x86
		Release|Any CPU = Release|Any CPU
		Release|ARM = Release|ARM
		Release|iPhone = Release|iPhone
		Release|iPhoneSimulator = Release|iPhoneSimulator
		Release|x64 = Release|x64
		Release|x86 = Release|x86
	EndGlobalSection
	GlobalSection(ProjectConfigurationPlatforms) = postSolution
		{25EE7BA7-C509-4691-8F74-9246C6E246BC}.Ad-Hoc|Any CPU.ActiveCfg = Release|Any CPU
		{25EE7BA7-C509-4691-8F74-9246C6E246BC}.Ad-Hoc|Any CPU.Build.0 = Release|Any CPU
		{25EE7BA7-C509-4691-8F74-9246C6E246BC}.Ad-Hoc|Any CPU.Deploy.0 = Release|Any CPU
		{25EE7BA7-C509-4691-8F74-9246C6E246BC}.Ad-Hoc|ARM.ActiveCfg = Release|Any CPU
		{25EE7BA7-C509-4691-8F74-9246C6E246BC}.Ad-Hoc|ARM.Build.0 = Release|Any CPU
		{25EE7BA7-C509-4691-8F74-9246C6E246BC}.Ad-Hoc|ARM.Deploy.0 = Release|Any CPU
		{25EE7BA7-C509-4691-8F74-9246C6E246BC}.Ad-Hoc|iPhone.ActiveCfg = Release|Any CPU
		{25EE7BA7-C509-4691-8F74-9246C6E246BC}.Ad-Hoc|iPhone.Build.0 = Release|Any CPU
		{25EE7BA7-C509-4691-8F74-9246C6E246BC}.Ad-Hoc|iPhone.Deploy.0 = Release|Any CPU
		{25EE7BA7-C509-4691-8F74-9246C6E246BC}.Ad-Hoc|iPhoneSimulator.ActiveCfg = Release|Any CPU
		{25EE7BA7-C509-4691-8F74-9246C6E246BC}.Ad-Hoc|iPhoneSimulator.Build.0 = Release|Any CPU
		{25EE7BA7-C509-4691-8F74-9246C6E246BC}.Ad-Hoc|iPhoneSimulator.Deploy.0 = Release|Any CPU
		{25EE7BA7-C509-4691-8F74-9246C6E246BC}.Ad-Hoc|x64.ActiveCfg = Release|Any CPU
		{25EE7BA7-C509-4691-8F74-9246C6E246BC}.Ad-Hoc|x64.Build.0 = Release|Any CPU
		{25EE7BA7-C509-4691-8F74-9246C6E246BC}.Ad-Hoc|x64.Deploy.0 = Release|Any CPU
		{25EE7BA7-C509-4691-8F74-9246C6E246BC}.Ad-Hoc|x86.ActiveCfg = Release|Any CPU
		{25EE7BA7-C509-4691-8F74-9246C6E246BC}.Ad-Hoc|x86.Build.0 = Release|Any CPU
		{25EE7BA7-C509-4691-8F74-9246C6E246BC}.Ad-Hoc|x86.Deploy.0 = Release|Any CPU
		{25EE7BA7-C509-4691-8F74-9246C6E246BC}.AppStore|Any CPU.ActiveCfg = Release|Any CPU
		{25EE7BA7-C509-4691-8F74-9246C6E246BC}.AppStore|Any CPU.Build.0 = Release|Any CPU
		{25EE7BA7-C509-4691-8F74-9246C6E246BC}.AppStore|Any CPU.Deploy.0 = Release|Any CPU
		{25EE7BA7-C509-4691-8F74-9246C6E246BC}.AppStore|ARM.ActiveCfg = Release|Any CPU
		{25EE7BA7-C509-4691-8F74-9246C6E246BC}.AppStore|ARM.Build.0 = Release|Any CPU
		{25EE7BA7-C509-4691-8F74-9246C6E246BC}.AppStore|ARM.Deploy.0 = Release|Any CPU
		{25EE7BA7-C509-4691-8F74-9246C6E246BC}.AppStore|iPhone.ActiveCfg = Release|Any CPU
		{25EE7BA7-C509-4691-8F74-9246C6E246BC}.AppStore|iPhone.Build.0 = Release|Any CPU
		{25EE7BA7-C509-4691-8F74-9246C6E246BC}.AppStore|iPhone.Deploy.0 = Release|Any CPU
		{25EE7BA7-C509-4691-8F74-9246C6E246BC}.AppStore|iPhoneSimulator.ActiveCfg = Release|Any CPU
		{25EE7BA7-C509-4691-8F74-9246C6E246BC}.AppStore|iPhoneSimulator.Build.0 = Release|Any CPU
		{25EE7BA7-C509-4691-8F74-9246C6E246BC}.AppStore|iPhoneSimulator.Deploy.0 = Release|Any CPU
		{25EE7BA7-C509-4691-8F74-9246C6E246BC}.AppStore|x64.ActiveCfg = Release|Any CPU
		{25EE7BA7-C509-4691-8F74-9246C6E246BC}.AppStore|x64.Build.0 = Release|Any CPU
		{25EE7BA7-C509-4691-8F74-9246C6E246BC}.AppStore|x64.Deploy.0 = Release|Any CPU
		{25EE7BA7-C509-4691-8F74-9246C6E246BC}.AppStore|x86.ActiveCfg = Release|Any CPU
		{25EE7BA7-C509-4691-8F74-9246C6E246BC}.AppStore|x86.Build.0 = Release|Any CPU
		{25EE7BA7-C509-4691-8F74-9246C6E246BC}.AppStore|x86.Deploy.0 = Release|Any CPU
		{25EE7BA7-C509-4691-8F74-9246C6E246BC}.Debug|Any CPU.ActiveCfg = Debug|Any CPU
		{25EE7BA7-C509-4691-8F74-9246C6E246BC}.Debug|Any CPU.Build.0 = Debug|Any CPU
		{25EE7BA7-C509-4691-8F74-9246C6E246BC}.Debug|Any CPU.Deploy.0 = Debug|Any CPU
		{25EE7BA7-C509-4691-8F74-9246C6E246BC}.Debug|ARM.ActiveCfg = Debug|Any CPU
		{25EE7BA7-C509-4691-8F74-9246C6E246BC}.Debug|ARM.Build.0 = Debug|Any CPU
		{25EE7BA7-C509-4691-8F74-9246C6E246BC}.Debug|ARM.Deploy.0 = Debug|Any CPU
		{25EE7BA7-C509-4691-8F74-9246C6E246BC}.Debug|iPhone.ActiveCfg = Debug|Any CPU
		{25EE7BA7-C509-4691-8F74-9246C6E246BC}.Debug|iPhone.Build.0 = Debug|Any CPU
		{25EE7BA7-C509-4691-8F74-9246C6E246BC}.Debug|iPhone.Deploy.0 = Debug|Any CPU
		{25EE7BA7-C509-4691-8F74-9246C6E246BC}.Debug|iPhoneSimulator.ActiveCfg = Debug|Any CPU
		{25EE7BA7-C509-4691-8F74-9246C6E246BC}.Debug|iPhoneSimulator.Build.0 = Debug|Any CPU
		{25EE7BA7-C509-4691-8F74-9246C6E246BC}.Debug|iPhoneSimulator.Deploy.0 = Debug|Any CPU
		{25EE7BA7-C509-4691-8F74-9246C6E246BC}.Debug|x64.ActiveCfg = Debug|Any CPU
		{25EE7BA7-C509-4691-8F74-9246C6E246BC}.Debug|x64.Build.0 = Debug|Any CPU
		{25EE7BA7-C509-4691-8F74-9246C6E246BC}.Debug|x64.Deploy.0 = Debug|Any CPU
		{25EE7BA7-C509-4691-8F74-9246C6E246BC}.Debug|x86.ActiveCfg = Debug|Any CPU
		{25EE7BA7-C509-4691-8F74-9246C6E246BC}.Debug|x86.Build.0 = Debug|Any CPU
		{25EE7BA7-C509-4691-8F74-9246C6E246BC}.Debug|x86.Deploy.0 = Debug|Any CPU
		{25EE7BA7-C509-4691-8F74-9246C6E246BC}.Release|Any CPU.ActiveCfg = Release|Any CPU
		{25EE7BA7-C509-4691-8F74-9246C6E246BC}.Release|Any CPU.Build.0 = Release|Any CPU
		{25EE7BA7-C509-4691-8F74-9246C6E246BC}.Release|Any CPU.Deploy.0 = Release|Any CPU
		{25EE7BA7-C509-4691-8F74-9246C6E246BC}.Release|ARM.ActiveCfg = Release|Any CPU
		{25EE7BA7-C509-4691-8F74-9246C6E246BC}.Release|ARM.Build.0 = Release|Any CPU
		{25EE7BA7-C509-4691-8F74-9246C6E246BC}.Release|ARM.Deploy.0 = Release|Any CPU
		{25EE7BA7-C509-4691-8F74-9246C6E246BC}.Release|iPhone.ActiveCfg = Release|Any CPU
		{25EE7BA7-C509-4691-8F74-9246C6E246BC}.Release|iPhone.Build.0 = Release|Any CPU
		{25EE7BA7-C509-4691-8F74-9246C6E246BC}.Release|iPhone.Deploy.0 = Release|Any CPU
		{25EE7BA7-C509-4691-8F74-9246C6E246BC}.Release|iPhoneSimulator.ActiveCfg = Release|Any CPU
		{25EE7BA7-C509-4691-8F74-9246C6E246BC}.Release|iPhoneSimulator.Build.0 = Release|Any CPU
		{25EE7BA7-C509-4691-8F74-9246C6E246BC}.Release|iPhoneSimulator.Deploy.0 = Release|Any CPU
		{25EE7BA7-C509-4691-8F74-9246C6E246BC}.Release|x64.ActiveCfg = Release|Any CPU
		{25EE7BA7-C509-4691-8F74-9246C6E246BC}.Release|x64.Build.0 = Release|Any CPU
		{25EE7BA7-C509-4691-8F74-9246C6E246BC}.Release|x64.Deploy.0 = Release|Any CPU
		{25EE7BA7-C509-4691-8F74-9246C6E246BC}.Release|x86.ActiveCfg = Release|Any CPU
		{25EE7BA7-C509-4691-8F74-9246C6E246BC}.Release|x86.Build.0 = Release|Any CPU
		{25EE7BA7-C509-4691-8F74-9246C6E246BC}.Release|x86.Deploy.0 = Release|Any CPU
		{E74C5439-8B56-49B5-81B1-8740EDF346B5}.Ad-Hoc|Any CPU.ActiveCfg = Release|Any CPU
		{E74C5439-8B56-49B5-81B1-8740EDF346B5}.Ad-Hoc|Any CPU.Build.0 = Release|Any CPU
		{E74C5439-8B56-49B5-81B1-8740EDF346B5}.Ad-Hoc|ARM.ActiveCfg = Release|Any CPU
		{E74C5439-8B56-49B5-81B1-8740EDF346B5}.Ad-Hoc|ARM.Build.0 = Release|Any CPU
		{E74C5439-8B56-49B5-81B1-8740EDF346B5}.Ad-Hoc|iPhone.ActiveCfg = Release|Any CPU
		{E74C5439-8B56-49B5-81B1-8740EDF346B5}.Ad-Hoc|iPhone.Build.0 = Release|Any CPU
		{E74C5439-8B56-49B5-81B1-8740EDF346B5}.Ad-Hoc|iPhoneSimulator.ActiveCfg = Release|Any CPU
		{E74C5439-8B56-49B5-81B1-8740EDF346B5}.Ad-Hoc|iPhoneSimulator.Build.0 = Release|Any CPU
		{E74C5439-8B56-49B5-81B1-8740EDF346B5}.Ad-Hoc|x64.ActiveCfg = Release|Any CPU
		{E74C5439-8B56-49B5-81B1-8740EDF346B5}.Ad-Hoc|x64.Build.0 = Release|Any CPU
		{E74C5439-8B56-49B5-81B1-8740EDF346B5}.Ad-Hoc|x86.ActiveCfg = Release|Any CPU
		{E74C5439-8B56-49B5-81B1-8740EDF346B5}.Ad-Hoc|x86.Build.0 = Release|Any CPU
		{E74C5439-8B56-49B5-81B1-8740EDF346B5}.AppStore|Any CPU.ActiveCfg = Release|Any CPU
		{E74C5439-8B56-49B5-81B1-8740EDF346B5}.AppStore|Any CPU.Build.0 = Release|Any CPU
		{E74C5439-8B56-49B5-81B1-8740EDF346B5}.AppStore|ARM.ActiveCfg = Release|Any CPU
		{E74C5439-8B56-49B5-81B1-8740EDF346B5}.AppStore|ARM.Build.0 = Release|Any CPU
		{E74C5439-8B56-49B5-81B1-8740EDF346B5}.AppStore|iPhone.ActiveCfg = Release|Any CPU
		{E74C5439-8B56-49B5-81B1-8740EDF346B5}.AppStore|iPhone.Build.0 = Release|Any CPU
		{E74C5439-8B56-49B5-81B1-8740EDF346B5}.AppStore|iPhoneSimulator.ActiveCfg = Release|Any CPU
		{E74C5439-8B56-49B5-81B1-8740EDF346B5}.AppStore|iPhoneSimulator.Build.0 = Release|Any CPU
		{E74C5439-8B56-49B5-81B1-8740EDF346B5}.AppStore|x64.ActiveCfg = Release|Any CPU
		{E74C5439-8B56-49B5-81B1-8740EDF346B5}.AppStore|x64.Build.0 = Release|Any CPU
		{E74C5439-8B56-49B5-81B1-8740EDF346B5}.AppStore|x86.ActiveCfg = Release|Any CPU
		{E74C5439-8B56-49B5-81B1-8740EDF346B5}.AppStore|x86.Build.0 = Release|Any CPU
		{E74C5439-8B56-49B5-81B1-8740EDF346B5}.Debug|Any CPU.ActiveCfg = Debug|Any CPU
		{E74C5439-8B56-49B5-81B1-8740EDF346B5}.Debug|Any CPU.Build.0 = Debug|Any CPU
		{E74C5439-8B56-49B5-81B1-8740EDF346B5}.Debug|ARM.ActiveCfg = Debug|Any CPU
		{E74C5439-8B56-49B5-81B1-8740EDF346B5}.Debug|ARM.Build.0 = Debug|Any CPU
		{E74C5439-8B56-49B5-81B1-8740EDF346B5}.Debug|iPhone.ActiveCfg = Debug|Any CPU
		{E74C5439-8B56-49B5-81B1-8740EDF346B5}.Debug|iPhone.Build.0 = Debug|Any CPU
		{E74C5439-8B56-49B5-81B1-8740EDF346B5}.Debug|iPhoneSimulator.ActiveCfg = Debug|Any CPU
		{E74C5439-8B56-49B5-81B1-8740EDF346B5}.Debug|iPhoneSimulator.Build.0 = Debug|Any CPU
		{E74C5439-8B56-49B5-81B1-8740EDF346B5}.Debug|x64.ActiveCfg = Debug|Any CPU
		{E74C5439-8B56-49B5-81B1-8740EDF346B5}.Debug|x64.Build.0 = Debug|Any CPU
		{E74C5439-8B56-49B5-81B1-8740EDF346B5}.Debug|x86.ActiveCfg = Debug|Any CPU
		{E74C5439-8B56-49B5-81B1-8740EDF346B5}.Debug|x86.Build.0 = Debug|Any CPU
		{E74C5439-8B56-49B5-81B1-8740EDF346B5}.Release|Any CPU.ActiveCfg = Release|Any CPU
		{E74C5439-8B56-49B5-81B1-8740EDF346B5}.Release|Any CPU.Build.0 = Release|Any CPU
		{E74C5439-8B56-49B5-81B1-8740EDF346B5}.Release|ARM.ActiveCfg = Release|Any CPU
		{E74C5439-8B56-49B5-81B1-8740EDF346B5}.Release|ARM.Build.0 = Release|Any CPU
		{E74C5439-8B56-49B5-81B1-8740EDF346B5}.Release|iPhone.ActiveCfg = Release|Any CPU
		{E74C5439-8B56-49B5-81B1-8740EDF346B5}.Release|iPhone.Build.0 = Release|Any CPU
		{E74C5439-8B56-49B5-81B1-8740EDF346B5}.Release|iPhoneSimulator.ActiveCfg = Release|Any CPU
		{E74C5439-8B56-49B5-81B1-8740EDF346B5}.Release|iPhoneSimulator.Build.0 = Release|Any CPU
		{E74C5439-8B56-49B5-81B1-8740EDF346B5}.Release|x64.ActiveCfg = Release|Any CPU
		{E74C5439-8B56-49B5-81B1-8740EDF346B5}.Release|x64.Build.0 = Release|Any CPU
		{E74C5439-8B56-49B5-81B1-8740EDF346B5}.Release|x86.ActiveCfg = Release|Any CPU
		{E74C5439-8B56-49B5-81B1-8740EDF346B5}.Release|x86.Build.0 = Release|Any CPU
		{25EE6387-FDC3-462B-8949-5E6BB623071F}.Ad-Hoc|Any CPU.ActiveCfg = Release|x86
		{25EE6387-FDC3-462B-8949-5E6BB623071F}.Ad-Hoc|Any CPU.Build.0 = Release|x86
		{25EE6387-FDC3-462B-8949-5E6BB623071F}.Ad-Hoc|Any CPU.Deploy.0 = Release|x86
		{25EE6387-FDC3-462B-8949-5E6BB623071F}.Ad-Hoc|ARM.ActiveCfg = Release|ARM
		{25EE6387-FDC3-462B-8949-5E6BB623071F}.Ad-Hoc|ARM.Build.0 = Release|ARM
		{25EE6387-FDC3-462B-8949-5E6BB623071F}.Ad-Hoc|ARM.Deploy.0 = Release|ARM
		{25EE6387-FDC3-462B-8949-5E6BB623071F}.Ad-Hoc|iPhone.ActiveCfg = Release|x86
		{25EE6387-FDC3-462B-8949-5E6BB623071F}.Ad-Hoc|iPhone.Build.0 = Release|x86
		{25EE6387-FDC3-462B-8949-5E6BB623071F}.Ad-Hoc|iPhone.Deploy.0 = Release|x86
		{25EE6387-FDC3-462B-8949-5E6BB623071F}.Ad-Hoc|iPhoneSimulator.ActiveCfg = Release|x86
		{25EE6387-FDC3-462B-8949-5E6BB623071F}.Ad-Hoc|iPhoneSimulator.Build.0 = Release|x86
		{25EE6387-FDC3-462B-8949-5E6BB623071F}.Ad-Hoc|iPhoneSimulator.Deploy.0 = Release|x86
		{25EE6387-FDC3-462B-8949-5E6BB623071F}.Ad-Hoc|x64.ActiveCfg = Release|x64
		{25EE6387-FDC3-462B-8949-5E6BB623071F}.Ad-Hoc|x64.Build.0 = Release|x64
		{25EE6387-FDC3-462B-8949-5E6BB623071F}.Ad-Hoc|x64.Deploy.0 = Release|x64
		{25EE6387-FDC3-462B-8949-5E6BB623071F}.Ad-Hoc|x86.ActiveCfg = Release|x86
		{25EE6387-FDC3-462B-8949-5E6BB623071F}.Ad-Hoc|x86.Build.0 = Release|x86
		{25EE6387-FDC3-462B-8949-5E6BB623071F}.Ad-Hoc|x86.Deploy.0 = Release|x86
		{25EE6387-FDC3-462B-8949-5E6BB623071F}.AppStore|Any CPU.ActiveCfg = Release|x86
		{25EE6387-FDC3-462B-8949-5E6BB623071F}.AppStore|Any CPU.Build.0 = Release|x86
		{25EE6387-FDC3-462B-8949-5E6BB623071F}.AppStore|Any CPU.Deploy.0 = Release|x86
		{25EE6387-FDC3-462B-8949-5E6BB623071F}.AppStore|ARM.ActiveCfg = Release|ARM
		{25EE6387-FDC3-462B-8949-5E6BB623071F}.AppStore|ARM.Build.0 = Release|ARM
		{25EE6387-FDC3-462B-8949-5E6BB623071F}.AppStore|ARM.Deploy.0 = Release|ARM
		{25EE6387-FDC3-462B-8949-5E6BB623071F}.AppStore|iPhone.ActiveCfg = Release|x86
		{25EE6387-FDC3-462B-8949-5E6BB623071F}.AppStore|iPhone.Build.0 = Release|x86
		{25EE6387-FDC3-462B-8949-5E6BB623071F}.AppStore|iPhone.Deploy.0 = Release|x86
		{25EE6387-FDC3-462B-8949-5E6BB623071F}.AppStore|iPhoneSimulator.ActiveCfg = Release|x86
		{25EE6387-FDC3-462B-8949-5E6BB623071F}.AppStore|iPhoneSimulator.Build.0 = Release|x86
		{25EE6387-FDC3-462B-8949-5E6BB623071F}.AppStore|iPhoneSimulator.Deploy.0 = Release|x86
		{25EE6387-FDC3-462B-8949-5E6BB623071F}.AppStore|x64.ActiveCfg = Release|x64
		{25EE6387-FDC3-462B-8949-5E6BB623071F}.AppStore|x64.Build.0 = Release|x64
		{25EE6387-FDC3-462B-8949-5E6BB623071F}.AppStore|x64.Deploy.0 = Release|x64
		{25EE6387-FDC3-462B-8949-5E6BB623071F}.AppStore|x86.ActiveCfg = Release|x86
		{25EE6387-FDC3-462B-8949-5E6BB623071F}.AppStore|x86.Build.0 = Release|x86
		{25EE6387-FDC3-462B-8949-5E6BB623071F}.AppStore|x86.Deploy.0 = Release|x86
		{25EE6387-FDC3-462B-8949-5E6BB623071F}.Debug|Any CPU.ActiveCfg = Debug|x86
		{25EE6387-FDC3-462B-8949-5E6BB623071F}.Debug|ARM.ActiveCfg = Debug|ARM
		{25EE6387-FDC3-462B-8949-5E6BB623071F}.Debug|ARM.Build.0 = Debug|ARM
		{25EE6387-FDC3-462B-8949-5E6BB623071F}.Debug|ARM.Deploy.0 = Debug|ARM
		{25EE6387-FDC3-462B-8949-5E6BB623071F}.Debug|iPhone.ActiveCfg = Debug|x86
		{25EE6387-FDC3-462B-8949-5E6BB623071F}.Debug|iPhoneSimulator.ActiveCfg = Debug|x86
		{25EE6387-FDC3-462B-8949-5E6BB623071F}.Debug|x64.ActiveCfg = Debug|x64
		{25EE6387-FDC3-462B-8949-5E6BB623071F}.Debug|x64.Build.0 = Debug|x64
		{25EE6387-FDC3-462B-8949-5E6BB623071F}.Debug|x64.Deploy.0 = Debug|x64
		{25EE6387-FDC3-462B-8949-5E6BB623071F}.Debug|x86.ActiveCfg = Debug|x86
		{25EE6387-FDC3-462B-8949-5E6BB623071F}.Debug|x86.Build.0 = Debug|x86
		{25EE6387-FDC3-462B-8949-5E6BB623071F}.Debug|x86.Deploy.0 = Debug|x86
		{25EE6387-FDC3-462B-8949-5E6BB623071F}.Release|Any CPU.ActiveCfg = Release|x86
		{25EE6387-FDC3-462B-8949-5E6BB623071F}.Release|ARM.ActiveCfg = Release|ARM
		{25EE6387-FDC3-462B-8949-5E6BB623071F}.Release|ARM.Build.0 = Release|ARM
		{25EE6387-FDC3-462B-8949-5E6BB623071F}.Release|ARM.Deploy.0 = Release|ARM
		{25EE6387-FDC3-462B-8949-5E6BB623071F}.Release|iPhone.ActiveCfg = Release|x86
		{25EE6387-FDC3-462B-8949-5E6BB623071F}.Release|iPhoneSimulator.ActiveCfg = Release|x86
		{25EE6387-FDC3-462B-8949-5E6BB623071F}.Release|x64.ActiveCfg = Release|x64
		{25EE6387-FDC3-462B-8949-5E6BB623071F}.Release|x64.Build.0 = Release|x64
		{25EE6387-FDC3-462B-8949-5E6BB623071F}.Release|x64.Deploy.0 = Release|x64
		{25EE6387-FDC3-462B-8949-5E6BB623071F}.Release|x86.ActiveCfg = Release|x86
		{25EE6387-FDC3-462B-8949-5E6BB623071F}.Release|x86.Build.0 = Release|x86
		{25EE6387-FDC3-462B-8949-5E6BB623071F}.Release|x86.Deploy.0 = Release|x86
		{6ECAF88B-8237-4DC9-AF8A-41CC2D687B9B}.Ad-Hoc|Any CPU.ActiveCfg = Ad-Hoc|iPhoneSimulator
		{6ECAF88B-8237-4DC9-AF8A-41CC2D687B9B}.Ad-Hoc|ARM.ActiveCfg = Ad-Hoc|iPhone
		{6ECAF88B-8237-4DC9-AF8A-41CC2D687B9B}.Ad-Hoc|iPhone.ActiveCfg = Ad-Hoc|iPhone
		{6ECAF88B-8237-4DC9-AF8A-41CC2D687B9B}.Ad-Hoc|iPhone.Build.0 = Ad-Hoc|iPhone
		{6ECAF88B-8237-4DC9-AF8A-41CC2D687B9B}.Ad-Hoc|iPhoneSimulator.ActiveCfg = Ad-Hoc|iPhoneSimulator
		{6ECAF88B-8237-4DC9-AF8A-41CC2D687B9B}.Ad-Hoc|iPhoneSimulator.Build.0 = Ad-Hoc|iPhoneSimulator
		{6ECAF88B-8237-4DC9-AF8A-41CC2D687B9B}.Ad-Hoc|x64.ActiveCfg = Ad-Hoc|iPhone
		{6ECAF88B-8237-4DC9-AF8A-41CC2D687B9B}.Ad-Hoc|x86.ActiveCfg = Ad-Hoc|iPhone
		{6ECAF88B-8237-4DC9-AF8A-41CC2D687B9B}.AppStore|Any CPU.ActiveCfg = AppStore|iPhoneSimulator
		{6ECAF88B-8237-4DC9-AF8A-41CC2D687B9B}.AppStore|ARM.ActiveCfg = AppStore|iPhone
		{6ECAF88B-8237-4DC9-AF8A-41CC2D687B9B}.AppStore|iPhone.ActiveCfg = AppStore|iPhone
		{6ECAF88B-8237-4DC9-AF8A-41CC2D687B9B}.AppStore|iPhone.Build.0 = AppStore|iPhone
		{6ECAF88B-8237-4DC9-AF8A-41CC2D687B9B}.AppStore|iPhoneSimulator.ActiveCfg = AppStore|iPhoneSimulator
		{6ECAF88B-8237-4DC9-AF8A-41CC2D687B9B}.AppStore|iPhoneSimulator.Build.0 = AppStore|iPhoneSimulator
		{6ECAF88B-8237-4DC9-AF8A-41CC2D687B9B}.AppStore|x64.ActiveCfg = AppStore|iPhone
		{6ECAF88B-8237-4DC9-AF8A-41CC2D687B9B}.AppStore|x86.ActiveCfg = AppStore|iPhone
		{6ECAF88B-8237-4DC9-AF8A-41CC2D687B9B}.Debug|Any CPU.ActiveCfg = Debug|iPhoneSimulator
		{6ECAF88B-8237-4DC9-AF8A-41CC2D687B9B}.Debug|ARM.ActiveCfg = Debug|iPhone
		{6ECAF88B-8237-4DC9-AF8A-41CC2D687B9B}.Debug|iPhone.ActiveCfg = Debug|iPhone
		{6ECAF88B-8237-4DC9-AF8A-41CC2D687B9B}.Debug|iPhone.Build.0 = Debug|iPhone
		{6ECAF88B-8237-4DC9-AF8A-41CC2D687B9B}.Debug|iPhoneSimulator.ActiveCfg = Debug|iPhoneSimulator
		{6ECAF88B-8237-4DC9-AF8A-41CC2D687B9B}.Debug|iPhoneSimulator.Build.0 = Debug|iPhoneSimulator
		{6ECAF88B-8237-4DC9-AF8A-41CC2D687B9B}.Debug|x64.ActiveCfg = Debug|iPhone
		{6ECAF88B-8237-4DC9-AF8A-41CC2D687B9B}.Debug|x86.ActiveCfg = Debug|iPhone
		{6ECAF88B-8237-4DC9-AF8A-41CC2D687B9B}.Release|Any CPU.ActiveCfg = Release|iPhoneSimulator
		{6ECAF88B-8237-4DC9-AF8A-41CC2D687B9B}.Release|ARM.ActiveCfg = Release|iPhone
		{6ECAF88B-8237-4DC9-AF8A-41CC2D687B9B}.Release|iPhone.ActiveCfg = Release|iPhone
		{6ECAF88B-8237-4DC9-AF8A-41CC2D687B9B}.Release|iPhone.Build.0 = Release|iPhone
		{6ECAF88B-8237-4DC9-AF8A-41CC2D687B9B}.Release|iPhoneSimulator.ActiveCfg = Release|iPhoneSimulator
		{6ECAF88B-8237-4DC9-AF8A-41CC2D687B9B}.Release|iPhoneSimulator.Build.0 = Release|iPhoneSimulator
		{6ECAF88B-8237-4DC9-AF8A-41CC2D687B9B}.Release|x64.ActiveCfg = Release|iPhone
		{6ECAF88B-8237-4DC9-AF8A-41CC2D687B9B}.Release|x86.ActiveCfg = Release|iPhone
	EndGlobalSection
	GlobalSection(SolutionProperties) = preSolution
		HideSolutionNode = FALSE
	EndGlobalSection
	GlobalSection(ExtensibilityGlobals) = postSolution
		SolutionGuid = {0996B32C-CA8D-4385-AD62-BAA85BFE4F37}
	EndGlobalSection
EndGlobal
