
Microsoft Visual Studio Solution File, Format Version 12.00
# Visual Studio 15
VisualStudioVersion = 15.0.26730.12
MinimumVisualStudioVersion = 10.0.40219.1
Project("{FAE04EC0-301F-11D3-BF4B-00C04F79EFBC}") = "Xamarin1.Android", "Xamarin1\Xamarin1.Android\Xamarin1.Android.csproj", "{F8C0FA74-D20C-44AE-A987-CCCD2BD7B548}"
EndProject
Project("{FAE04EC0-301F-11D3-BF4B-00C04F79EFBC}") = "Xamarin1", "Xamarin1\Xamarin1\Xamarin1.csproj", "{5C82ADF5-B356-473E-8258-300C08EADC8E}"
EndProject
Project("{FAE04EC0-301F-11D3-BF4B-00C04F79EFBC}") = "Xamarin1.UWP", "Xamarin1\Xamarin1.UWP\Xamarin1.UWP.csproj", "{82D8BD21-22FD-4A15-B70D-B2393A7BD6D9}"
EndProject
Project("{FAE04EC0-301F-11D3-BF4B-00C04F79EFBC}") = "Xamarin1.iOS", "Xamarin1\Xamarin1.iOS\Xamarin1.iOS.csproj", "{8258C1C0-E8D3-4E24-9F73-49F85BC477D2}"
EndProject
Global
	GlobalSection(SolutionConfigurationPlatforms) = preSolution
		Ad-Hoc|Any CPU = Ad-Hoc|Any CPU
		Ad-Hoc|ARM = Ad-Hoc|ARM
		Ad-Hoc|iPhone = Ad-Hoc|iPhone
		Ad-Hoc|iPhoneSimulator = Ad-Hoc|iPhoneSimulator
		Ad-Hoc|x64 = Ad-Hoc|x64
		Ad-Hoc|x86 = Ad-Hoc|x86
		AppStore|Any CPU = AppStore|Any CPU
		AppStore|ARM = AppStore|ARM
		AppStore|iPhone = AppStore|iPhone
		AppStore|iPhoneSimulator = AppStore|iPhoneSimulator
		AppStore|x64 = AppStore|x64
		AppStore|x86 = AppStore|x86
		Debug|Any CPU = Debug|Any CPU
		Debug|ARM = Debug|ARM
		Debug|iPhone = Debug|iPhone
		Debug|iPhoneSimulator = Debug|iPhoneSimulator
		Debug|x64 = Debug|x64
		Debug|x86 = Debug|x86
		Release|Any CPU = Release|Any CPU
		Release|ARM = Release|ARM
		Release|iPhone = Release|iPhone
		Release|iPhoneSimulator = Release|iPhoneSimulator
		Release|x64 = Release|x64
		Release|x86 = Release|x86
	EndGlobalSection
	GlobalSection(ProjectConfigurationPlatforms) = postSolution
		{F8C0FA74-D20C-44AE-A987-CCCD2BD7B548}.Ad-Hoc|Any CPU.ActiveCfg = Release|Any CPU
		{F8C0FA74-D20C-44AE-A987-CCCD2BD7B548}.Ad-Hoc|Any CPU.Build.0 = Release|Any CPU
		{F8C0FA74-D20C-44AE-A987-CCCD2BD7B548}.Ad-Hoc|Any CPU.Deploy.0 = Release|Any CPU
		{F8C0FA74-D20C-44AE-A987-CCCD2BD7B548}.Ad-Hoc|ARM.ActiveCfg = Release|Any CPU
		{F8C0FA74-D20C-44AE-A987-CCCD2BD7B548}.Ad-Hoc|ARM.Build.0 = Release|Any CPU
		{F8C0FA74-D20C-44AE-A987-CCCD2BD7B548}.Ad-Hoc|ARM.Deploy.0 = Release|Any CPU
		{F8C0FA74-D20C-44AE-A987-CCCD2BD7B548}.Ad-Hoc|iPhone.ActiveCfg = Release|Any CPU
		{F8C0FA74-D20C-44AE-A987-CCCD2BD7B548}.Ad-Hoc|iPhone.Build.0 = Release|Any CPU
		{F8C0FA74-D20C-44AE-A987-CCCD2BD7B548}.Ad-Hoc|iPhone.Deploy.0 = Release|Any CPU
		{F8C0FA74-D20C-44AE-A987-CCCD2BD7B548}.Ad-Hoc|iPhoneSimulator.ActiveCfg = Release|Any CPU
		{F8C0FA74-D20C-44AE-A987-CCCD2BD7B548}.Ad-Hoc|iPhoneSimulator.Build.0 = Release|Any CPU
		{F8C0FA74-D20C-44AE-A987-CCCD2BD7B548}.Ad-Hoc|iPhoneSimulator.Deploy.0 = Release|Any CPU
		{F8C0FA74-D20C-44AE-A987-CCCD2BD7B548}.Ad-Hoc|x64.ActiveCfg = Release|Any CPU
		{F8C0FA74-D20C-44AE-A987-CCCD2BD7B548}.Ad-Hoc|x64.Build.0 = Release|Any CPU
		{F8C0FA74-D20C-44AE-A987-CCCD2BD7B548}.Ad-Hoc|x64.Deploy.0 = Release|Any CPU
		{F8C0FA74-D20C-44AE-A987-CCCD2BD7B548}.Ad-Hoc|x86.ActiveCfg = Release|Any CPU
		{F8C0FA74-D20C-44AE-A987-CCCD2BD7B548}.Ad-Hoc|x86.Build.0 = Release|Any CPU
		{F8C0FA74-D20C-44AE-A987-CCCD2BD7B548}.Ad-Hoc|x86.Deploy.0 = Release|Any CPU
		{F8C0FA74-D20C-44AE-A987-CCCD2BD7B548}.AppStore|Any CPU.ActiveCfg = Release|Any CPU
		{F8C0FA74-D20C-44AE-A987-CCCD2BD7B548}.AppStore|Any CPU.Build.0 = Release|Any CPU
		{F8C0FA74-D20C-44AE-A987-CCCD2BD7B548}.AppStore|Any CPU.Deploy.0 = Release|Any CPU
		{F8C0FA74-D20C-44AE-A987-CCCD2BD7B548}.AppStore|ARM.ActiveCfg = Release|Any CPU
		{F8C0FA74-D20C-44AE-A987-CCCD2BD7B548}.AppStore|ARM.Build.0 = Release|Any CPU
		{F8C0FA74-D20C-44AE-A987-CCCD2BD7B548}.AppStore|ARM.Deploy.0 = Release|Any CPU
		{F8C0FA74-D20C-44AE-A987-CCCD2BD7B548}.AppStore|iPhone.ActiveCfg = Release|Any CPU
		{F8C0FA74-D20C-44AE-A987-CCCD2BD7B548}.AppStore|iPhone.Build.0 = Release|Any CPU
		{F8C0FA74-D20C-44AE-A987-CCCD2BD7B548}.AppStore|iPhone.Deploy.0 = Release|Any CPU
		{F8C0FA74-D20C-44AE-A987-CCCD2BD7B548}.AppStore|iPhoneSimulator.ActiveCfg = Release|Any CPU
		{F8C0FA74-D20C-44AE-A987-CCCD2BD7B548}.AppStore|iPhoneSimulator.Build.0 = Release|Any CPU
		{F8C0FA74-D20C-44AE-A987-CCCD2BD7B548}.AppStore|iPhoneSimulator.Deploy.0 = Release|Any CPU
		{F8C0FA74-D20C-44AE-A987-CCCD2BD7B548}.AppStore|x64.ActiveCfg = Release|Any CPU
		{F8C0FA74-D20C-44AE-A987-CCCD2BD7B548}.AppStore|x64.Build.0 = Release|Any CPU
		{F8C0FA74-D20C-44AE-A987-CCCD2BD7B548}.AppStore|x64.Deploy.0 = Release|Any CPU
		{F8C0FA74-D20C-44AE-A987-CCCD2BD7B548}.AppStore|x86.ActiveCfg = Release|Any CPU
		{F8C0FA74-D20C-44AE-A987-CCCD2BD7B548}.AppStore|x86.Build.0 = Release|Any CPU
		{F8C0FA74-D20C-44AE-A987-CCCD2BD7B548}.AppStore|x86.Deploy.0 = Release|Any CPU
		{F8C0FA74-D20C-44AE-A987-CCCD2BD7B548}.Debug|Any CPU.ActiveCfg = Debug|Any CPU
		{F8C0FA74-D20C-44AE-A987-CCCD2BD7B548}.Debug|Any CPU.Build.0 = Debug|Any CPU
		{F8C0FA74-D20C-44AE-A987-CCCD2BD7B548}.Debug|Any CPU.Deploy.0 = Debug|Any CPU
		{F8C0FA74-D20C-44AE-A987-CCCD2BD7B548}.Debug|ARM.ActiveCfg = Debug|Any CPU
		{F8C0FA74-D20C-44AE-A987-CCCD2BD7B548}.Debug|ARM.Build.0 = Debug|Any CPU
		{F8C0FA74-D20C-44AE-A987-CCCD2BD7B548}.Debug|ARM.Deploy.0 = Debug|Any CPU
		{F8C0FA74-D20C-44AE-A987-CCCD2BD7B548}.Debug|iPhone.ActiveCfg = Debug|Any CPU
		{F8C0FA74-D20C-44AE-A987-CCCD2BD7B548}.Debug|iPhone.Build.0 = Debug|Any CPU
		{F8C0FA74-D20C-44AE-A987-CCCD2BD7B548}.Debug|iPhone.Deploy.0 = Debug|Any CPU
		{F8C0FA74-D20C-44AE-A987-CCCD2BD7B548}.Debug|iPhoneSimulator.ActiveCfg = Debug|Any CPU
		{F8C0FA74-D20C-44AE-A987-CCCD2BD7B548}.Debug|iPhoneSimulator.Build.0 = Debug|Any CPU
		{F8C0FA74-D20C-44AE-A987-CCCD2BD7B548}.Debug|iPhoneSimulator.Deploy.0 = Debug|Any CPU
		{F8C0FA74-D20C-44AE-A987-CCCD2BD7B548}.Debug|x64.ActiveCfg = Debug|Any CPU
		{F8C0FA74-D20C-44AE-A987-CCCD2BD7B548}.Debug|x64.Build.0 = Debug|Any CPU
		{F8C0FA74-D20C-44AE-A987-CCCD2BD7B548}.Debug|x64.Deploy.0 = Debug|Any CPU
		{F8C0FA74-D20C-44AE-A987-CCCD2BD7B548}.Debug|x86.ActiveCfg = Debug|Any CPU
		{F8C0FA74-D20C-44AE-A987-CCCD2BD7B548}.Debug|x86.Build.0 = Debug|Any CPU
		{F8C0FA74-D20C-44AE-A987-CCCD2BD7B548}.Debug|x86.Deploy.0 = Debug|Any CPU
		{F8C0FA74-D20C-44AE-A987-CCCD2BD7B548}.Release|Any CPU.ActiveCfg = Release|Any CPU
		{F8C0FA74-D20C-44AE-A987-CCCD2BD7B548}.Release|Any CPU.Build.0 = Release|Any CPU
		{F8C0FA74-D20C-44AE-A987-CCCD2BD7B548}.Release|Any CPU.Deploy.0 = Release|Any CPU
		{F8C0FA74-D20C-44AE-A987-CCCD2BD7B548}.Release|ARM.ActiveCfg = Release|Any CPU
		{F8C0FA74-D20C-44AE-A987-CCCD2BD7B548}.Release|ARM.Build.0 = Release|Any CPU
		{F8C0FA74-D20C-44AE-A987-CCCD2BD7B548}.Release|ARM.Deploy.0 = Release|Any CPU
		{F8C0FA74-D20C-44AE-A987-CCCD2BD7B548}.Release|iPhone.ActiveCfg = Release|Any CPU
		{F8C0FA74-D20C-44AE-A987-CCCD2BD7B548}.Release|iPhone.Build.0 = Release|Any CPU
		{F8C0FA74-D20C-44AE-A987-CCCD2BD7B548}.Release|iPhone.Deploy.0 = Release|Any CPU
		{F8C0FA74-D20C-44AE-A987-CCCD2BD7B548}.Release|iPhoneSimulator.ActiveCfg = Release|Any CPU
		{F8C0FA74-D20C-44AE-A987-CCCD2BD7B548}.Release|iPhoneSimulator.Build.0 = Release|Any CPU
		{F8C0FA74-D20C-44AE-A987-CCCD2BD7B548}.Release|iPhoneSimulator.Deploy.0 = Release|Any CPU
		{F8C0FA74-D20C-44AE-A987-CCCD2BD7B548}.Release|x64.ActiveCfg = Release|Any CPU
		{F8C0FA74-D20C-44AE-A987-CCCD2BD7B548}.Release|x64.Build.0 = Release|Any CPU
		{F8C0FA74-D20C-44AE-A987-CCCD2BD7B548}.Release|x64.Deploy.0 = Release|Any CPU
		{F8C0FA74-D20C-44AE-A987-CCCD2BD7B548}.Release|x86.ActiveCfg = Release|Any CPU
		{F8C0FA74-D20C-44AE-A987-CCCD2BD7B548}.Release|x86.Build.0 = Release|Any CPU
		{F8C0FA74-D20C-44AE-A987-CCCD2BD7B548}.Release|x86.Deploy.0 = Release|Any CPU
		{5C82ADF5-B356-473E-8258-300C08EADC8E}.Ad-Hoc|Any CPU.ActiveCfg = Release|Any CPU
		{5C82ADF5-B356-473E-8258-300C08EADC8E}.Ad-Hoc|Any CPU.Build.0 = Release|Any CPU
		{5C82ADF5-B356-473E-8258-300C08EADC8E}.Ad-Hoc|ARM.ActiveCfg = Release|Any CPU
		{5C82ADF5-B356-473E-8258-300C08EADC8E}.Ad-Hoc|ARM.Build.0 = Release|Any CPU
		{5C82ADF5-B356-473E-8258-300C08EADC8E}.Ad-Hoc|iPhone.ActiveCfg = Release|Any CPU
		{5C82ADF5-B356-473E-8258-300C08EADC8E}.Ad-Hoc|iPhone.Build.0 = Release|Any CPU
		{5C82ADF5-B356-473E-8258-300C08EADC8E}.Ad-Hoc|iPhoneSimulator.ActiveCfg = Release|Any CPU
		{5C82ADF5-B356-473E-8258-300C08EADC8E}.Ad-Hoc|iPhoneSimulator.Build.0 = Release|Any CPU
		{5C82ADF5-B356-473E-8258-300C08EADC8E}.Ad-Hoc|x64.ActiveCfg = Release|Any CPU
		{5C82ADF5-B356-473E-8258-300C08EADC8E}.Ad-Hoc|x64.Build.0 = Release|Any CPU
		{5C82ADF5-B356-473E-8258-300C08EADC8E}.Ad-Hoc|x86.ActiveCfg = Release|Any CPU
		{5C82ADF5-B356-473E-8258-300C08EADC8E}.Ad-Hoc|x86.Build.0 = Release|Any CPU
		{5C82ADF5-B356-473E-8258-300C08EADC8E}.AppStore|Any CPU.ActiveCfg = Release|Any CPU
		{5C82ADF5-B356-473E-8258-300C08EADC8E}.AppStore|Any CPU.Build.0 = Release|Any CPU
		{5C82ADF5-B356-473E-8258-300C08EADC8E}.AppStore|ARM.ActiveCfg = Release|Any CPU
		{5C82ADF5-B356-473E-8258-300C08EADC8E}.AppStore|ARM.Build.0 = Release|Any CPU
		{5C82ADF5-B356-473E-8258-300C08EADC8E}.AppStore|iPhone.ActiveCfg = Release|Any CPU
		{5C82ADF5-B356-473E-8258-300C08EADC8E}.AppStore|iPhone.Build.0 = Release|Any CPU
		{5C82ADF5-B356-473E-8258-300C08EADC8E}.AppStore|iPhoneSimulator.ActiveCfg = Release|Any CPU
		{5C82ADF5-B356-473E-8258-300C08EADC8E}.AppStore|iPhoneSimulator.Build.0 = Release|Any CPU
		{5C82ADF5-B356-473E-8258-300C08EADC8E}.AppStore|x64.ActiveCfg = Release|Any CPU
		{5C82ADF5-B356-473E-8258-300C08EADC8E}.AppStore|x64.Build.0 = Release|Any CPU
		{5C82ADF5-B356-473E-8258-300C08EADC8E}.AppStore|x86.ActiveCfg = Release|Any CPU
		{5C82ADF5-B356-473E-8258-300C08EADC8E}.AppStore|x86.Build.0 = Release|Any CPU
		{5C82ADF5-B356-473E-8258-300C08EADC8E}.Debug|Any CPU.ActiveCfg = Debug|Any CPU
		{5C82ADF5-B356-473E-8258-300C08EADC8E}.Debug|Any CPU.Build.0 = Debug|Any CPU
		{5C82ADF5-B356-473E-8258-300C08EADC8E}.Debug|ARM.ActiveCfg = Debug|Any CPU
		{5C82ADF5-B356-473E-8258-300C08EADC8E}.Debug|ARM.Build.0 = Debug|Any CPU
		{5C82ADF5-B356-473E-8258-300C08EADC8E}.Debug|iPhone.ActiveCfg = Debug|Any CPU
		{5C82ADF5-B356-473E-8258-300C08EADC8E}.Debug|iPhone.Build.0 = Debug|Any CPU
		{5C82ADF5-B356-473E-8258-300C08EADC8E}.Debug|iPhoneSimulator.ActiveCfg = Debug|Any CPU
		{5C82ADF5-B356-473E-8258-300C08EADC8E}.Debug|iPhoneSimulator.Build.0 = Debug|Any CPU
		{5C82ADF5-B356-473E-8258-300C08EADC8E}.Debug|x64.ActiveCfg = Debug|Any CPU
		{5C82ADF5-B356-473E-8258-300C08EADC8E}.Debug|x64.Build.0 = Debug|Any CPU
		{5C82ADF5-B356-473E-8258-300C08EADC8E}.Debug|x86.ActiveCfg = Debug|Any CPU
		{5C82ADF5-B356-473E-8258-300C08EADC8E}.Debug|x86.Build.0 = Debug|Any CPU
		{5C82ADF5-B356-473E-8258-300C08EADC8E}.Release|Any CPU.ActiveCfg = Release|Any CPU
		{5C82ADF5-B356-473E-8258-300C08EADC8E}.Release|Any CPU.Build.0 = Release|Any CPU
		{5C82ADF5-B356-473E-8258-300C08EADC8E}.Release|ARM.ActiveCfg = Release|Any CPU
		{5C82ADF5-B356-473E-8258-300C08EADC8E}.Release|ARM.Build.0 = Release|Any CPU
		{5C82ADF5-B356-473E-8258-300C08EADC8E}.Release|iPhone.ActiveCfg = Release|Any CPU
		{5C82ADF5-B356-473E-8258-300C08EADC8E}.Release|iPhone.Build.0 = Release|Any CPU
		{5C82ADF5-B356-473E-8258-300C08EADC8E}.Release|iPhoneSimulator.ActiveCfg = Release|Any CPU
		{5C82ADF5-B356-473E-8258-300C08EADC8E}.Release|iPhoneSimulator.Build.0 = Release|Any CPU
		{5C82ADF5-B356-473E-8258-300C08EADC8E}.Release|x64.ActiveCfg = Release|Any CPU
		{5C82ADF5-B356-473E-8258-300C08EADC8E}.Release|x64.Build.0 = Release|Any CPU
		{5C82ADF5-B356-473E-8258-300C08EADC8E}.Release|x86.ActiveCfg = Release|Any CPU
		{5C82ADF5-B356-473E-8258-300C08EADC8E}.Release|x86.Build.0 = Release|Any CPU
		{82D8BD21-22FD-4A15-B70D-B2393A7BD6D9}.Ad-Hoc|Any CPU.ActiveCfg = Release|x86
		{82D8BD21-22FD-4A15-B70D-B2393A7BD6D9}.Ad-Hoc|Any CPU.Build.0 = Release|x86
		{82D8BD21-22FD-4A15-B70D-B2393A7BD6D9}.Ad-Hoc|Any CPU.Deploy.0 = Release|x86
		{82D8BD21-22FD-4A15-B70D-B2393A7BD6D9}.Ad-Hoc|ARM.ActiveCfg = Release|ARM
		{82D8BD21-22FD-4A15-B70D-B2393A7BD6D9}.Ad-Hoc|ARM.Build.0 = Release|ARM
		{82D8BD21-22FD-4A15-B70D-B2393A7BD6D9}.Ad-Hoc|ARM.Deploy.0 = Release|ARM
		{82D8BD21-22FD-4A15-B70D-B2393A7BD6D9}.Ad-Hoc|iPhone.ActiveCfg = Release|x86
		{82D8BD21-22FD-4A15-B70D-B2393A7BD6D9}.Ad-Hoc|iPhone.Build.0 = Release|x86
		{82D8BD21-22FD-4A15-B70D-B2393A7BD6D9}.Ad-Hoc|iPhone.Deploy.0 = Release|x86
		{82D8BD21-22FD-4A15-B70D-B2393A7BD6D9}.Ad-Hoc|iPhoneSimulator.ActiveCfg = Release|x86
		{82D8BD21-22FD-4A15-B70D-B2393A7BD6D9}.Ad-Hoc|iPhoneSimulator.Build.0 = Release|x86
		{82D8BD21-22FD-4A15-B70D-B2393A7BD6D9}.Ad-Hoc|iPhoneSimulator.Deploy.0 = Release|x86
		{82D8BD21-22FD-4A15-B70D-B2393A7BD6D9}.Ad-Hoc|x64.ActiveCfg = Release|x64
		{82D8BD21-22FD-4A15-B70D-B2393A7BD6D9}.Ad-Hoc|x64.Build.0 = Release|x64
		{82D8BD21-22FD-4A15-B70D-B2393A7BD6D9}.Ad-Hoc|x64.Deploy.0 = Release|x64
		{82D8BD21-22FD-4A15-B70D-B2393A7BD6D9}.Ad-Hoc|x86.ActiveCfg = Release|x86
		{82D8BD21-22FD-4A15-B70D-B2393A7BD6D9}.Ad-Hoc|x86.Build.0 = Release|x86
		{82D8BD21-22FD-4A15-B70D-B2393A7BD6D9}.Ad-Hoc|x86.Deploy.0 = Release|x86
		{82D8BD21-22FD-4A15-B70D-B2393A7BD6D9}.AppStore|Any CPU.ActiveCfg = Release|x86
		{82D8BD21-22FD-4A15-B70D-B2393A7BD6D9}.AppStore|Any CPU.Build.0 = Release|x86
		{82D8BD21-22FD-4A15-B70D-B2393A7BD6D9}.AppStore|Any CPU.Deploy.0 = Release|x86
		{82D8BD21-22FD-4A15-B70D-B2393A7BD6D9}.AppStore|ARM.ActiveCfg = Release|ARM
		{82D8BD21-22FD-4A15-B70D-B2393A7BD6D9}.AppStore|ARM.Build.0 = Release|ARM
		{82D8BD21-22FD-4A15-B70D-B2393A7BD6D9}.AppStore|ARM.Deploy.0 = Release|ARM
		{82D8BD21-22FD-4A15-B70D-B2393A7BD6D9}.AppStore|iPhone.ActiveCfg = Release|x86
		{82D8BD21-22FD-4A15-B70D-B2393A7BD6D9}.AppStore|iPhone.Build.0 = Release|x86
		{82D8BD21-22FD-4A15-B70D-B2393A7BD6D9}.AppStore|iPhone.Deploy.0 = Release|x86
		{82D8BD21-22FD-4A15-B70D-B2393A7BD6D9}.AppStore|iPhoneSimulator.ActiveCfg = Release|x86
		{82D8BD21-22FD-4A15-B70D-B2393A7BD6D9}.AppStore|iPhoneSimulator.Build.0 = Release|x86
		{82D8BD21-22FD-4A15-B70D-B2393A7BD6D9}.AppStore|iPhoneSimulator.Deploy.0 = Release|x86
		{82D8BD21-22FD-4A15-B70D-B2393A7BD6D9}.AppStore|x64.ActiveCfg = Release|x64
		{82D8BD21-22FD-4A15-B70D-B2393A7BD6D9}.AppStore|x64.Build.0 = Release|x64
		{82D8BD21-22FD-4A15-B70D-B2393A7BD6D9}.AppStore|x64.Deploy.0 = Release|x64
		{82D8BD21-22FD-4A15-B70D-B2393A7BD6D9}.AppStore|x86.ActiveCfg = Release|x86
		{82D8BD21-22FD-4A15-B70D-B2393A7BD6D9}.AppStore|x86.Build.0 = Release|x86
		{82D8BD21-22FD-4A15-B70D-B2393A7BD6D9}.AppStore|x86.Deploy.0 = Release|x86
		{82D8BD21-22FD-4A15-B70D-B2393A7BD6D9}.Debug|Any CPU.ActiveCfg = Debug|x86
		{82D8BD21-22FD-4A15-B70D-B2393A7BD6D9}.Debug|ARM.ActiveCfg = Debug|ARM
		{82D8BD21-22FD-4A15-B70D-B2393A7BD6D9}.Debug|ARM.Build.0 = Debug|ARM
		{82D8BD21-22FD-4A15-B70D-B2393A7BD6D9}.Debug|ARM.Deploy.0 = Debug|ARM
		{82D8BD21-22FD-4A15-B70D-B2393A7BD6D9}.Debug|iPhone.ActiveCfg = Debug|x86
		{82D8BD21-22FD-4A15-B70D-B2393A7BD6D9}.Debug|iPhoneSimulator.ActiveCfg = Debug|x86
		{82D8BD21-22FD-4A15-B70D-B2393A7BD6D9}.Debug|x64.ActiveCfg = Debug|x64
		{82D8BD21-22FD-4A15-B70D-B2393A7BD6D9}.Debug|x64.Build.0 = Debug|x64
		{82D8BD21-22FD-4A15-B70D-B2393A7BD6D9}.Debug|x64.Deploy.0 = Debug|x64
		{82D8BD21-22FD-4A15-B70D-B2393A7BD6D9}.Debug|x86.ActiveCfg = Debug|x86
		{82D8BD21-22FD-4A15-B70D-B2393A7BD6D9}.Debug|x86.Build.0 = Debug|x86
		{82D8BD21-22FD-4A15-B70D-B2393A7BD6D9}.Debug|x86.Deploy.0 = Debug|x86
		{82D8BD21-22FD-4A15-B70D-B2393A7BD6D9}.Release|Any CPU.ActiveCfg = Release|x86
		{82D8BD21-22FD-4A15-B70D-B2393A7BD6D9}.Release|ARM.ActiveCfg = Release|ARM
		{82D8BD21-22FD-4A15-B70D-B2393A7BD6D9}.Release|ARM.Build.0 = Release|ARM
		{82D8BD21-22FD-4A15-B70D-B2393A7BD6D9}.Release|ARM.Deploy.0 = Release|ARM
		{82D8BD21-22FD-4A15-B70D-B2393A7BD6D9}.Release|iPhone.ActiveCfg = Release|x86
		{82D8BD21-22FD-4A15-B70D-B2393A7BD6D9}.Release|iPhoneSimulator.ActiveCfg = Release|x86
		{82D8BD21-22FD-4A15-B70D-B2393A7BD6D9}.Release|x64.ActiveCfg = Release|x64
		{82D8BD21-22FD-4A15-B70D-B2393A7BD6D9}.Release|x64.Build.0 = Release|x64
		{82D8BD21-22FD-4A15-B70D-B2393A7BD6D9}.Release|x64.Deploy.0 = Release|x64
		{82D8BD21-22FD-4A15-B70D-B2393A7BD6D9}.Release|x86.ActiveCfg = Release|x86
		{82D8BD21-22FD-4A15-B70D-B2393A7BD6D9}.Release|x86.Build.0 = Release|x86
		{82D8BD21-22FD-4A15-B70D-B2393A7BD6D9}.Release|x86.Deploy.0 = Release|x86
		{8258C1C0-E8D3-4E24-9F73-49F85BC477D2}.Ad-Hoc|Any CPU.ActiveCfg = Ad-Hoc|iPhone
		{8258C1C0-E8D3-4E24-9F73-49F85BC477D2}.Ad-Hoc|ARM.ActiveCfg = Ad-Hoc|iPhone
		{8258C1C0-E8D3-4E24-9F73-49F85BC477D2}.Ad-Hoc|iPhone.ActiveCfg = Ad-Hoc|iPhone
		{8258C1C0-E8D3-4E24-9F73-49F85BC477D2}.Ad-Hoc|iPhone.Build.0 = Ad-Hoc|iPhone
		{8258C1C0-E8D3-4E24-9F73-49F85BC477D2}.Ad-Hoc|iPhoneSimulator.ActiveCfg = Ad-Hoc|iPhoneSimulator
		{8258C1C0-E8D3-4E24-9F73-49F85BC477D2}.Ad-Hoc|iPhoneSimulator.Build.0 = Ad-Hoc|iPhoneSimulator
		{8258C1C0-E8D3-4E24-9F73-49F85BC477D2}.Ad-Hoc|x64.ActiveCfg = Ad-Hoc|iPhone
		{8258C1C0-E8D3-4E24-9F73-49F85BC477D2}.Ad-Hoc|x86.ActiveCfg = Ad-Hoc|iPhone
		{8258C1C0-E8D3-4E24-9F73-49F85BC477D2}.AppStore|Any CPU.ActiveCfg = AppStore|iPhone
		{8258C1C0-E8D3-4E24-9F73-49F85BC477D2}.AppStore|ARM.ActiveCfg = AppStore|iPhone
		{8258C1C0-E8D3-4E24-9F73-49F85BC477D2}.AppStore|iPhone.ActiveCfg = AppStore|iPhone
		{8258C1C0-E8D3-4E24-9F73-49F85BC477D2}.AppStore|iPhone.Build.0 = AppStore|iPhone
		{8258C1C0-E8D3-4E24-9F73-49F85BC477D2}.AppStore|iPhoneSimulator.ActiveCfg = AppStore|iPhoneSimulator
		{8258C1C0-E8D3-4E24-9F73-49F85BC477D2}.AppStore|iPhoneSimulator.Build.0 = AppStore|iPhoneSimulator
		{8258C1C0-E8D3-4E24-9F73-49F85BC477D2}.AppStore|x64.ActiveCfg = AppStore|iPhone
		{8258C1C0-E8D3-4E24-9F73-49F85BC477D2}.AppStore|x86.ActiveCfg = AppStore|iPhone
		{8258C1C0-E8D3-4E24-9F73-49F85BC477D2}.Debug|Any CPU.ActiveCfg = Debug|iPhone
		{8258C1C0-E8D3-4E24-9F73-49F85BC477D2}.Debug|ARM.ActiveCfg = Debug|iPhone
		{8258C1C0-E8D3-4E24-9F73-49F85BC477D2}.Debug|iPhone.ActiveCfg = Debug|iPhone
		{8258C1C0-E8D3-4E24-9F73-49F85BC477D2}.Debug|iPhone.Build.0 = Debug|iPhone
		{8258C1C0-E8D3-4E24-9F73-49F85BC477D2}.Debug|iPhoneSimulator.ActiveCfg = Debug|iPhoneSimulator
		{8258C1C0-E8D3-4E24-9F73-49F85BC477D2}.Debug|iPhoneSimulator.Build.0 = Debug|iPhoneSimulator
		{8258C1C0-E8D3-4E24-9F73-49F85BC477D2}.Debug|x64.ActiveCfg = Debug|iPhone
		{8258C1C0-E8D3-4E24-9F73-49F85BC477D2}.Debug|x86.ActiveCfg = Debug|iPhone
		{8258C1C0-E8D3-4E24-9F73-49F85BC477D2}.Release|Any CPU.ActiveCfg = Release|iPhone
		{8258C1C0-E8D3-4E24-9F73-49F85BC477D2}.Release|ARM.ActiveCfg = Release|iPhone
		{8258C1C0-E8D3-4E24-9F73-49F85BC477D2}.Release|iPhone.ActiveCfg = Release|iPhone
		{8258C1C0-E8D3-4E24-9F73-49F85BC477D2}.Release|iPhone.Build.0 = Release|iPhone
		{8258C1C0-E8D3-4E24-9F73-49F85BC477D2}.Release|iPhoneSimulator.ActiveCfg = Release|iPhoneSimulator
		{8258C1C0-E8D3-4E24-9F73-49F85BC477D2}.Release|iPhoneSimulator.Build.0 = Release|iPhoneSimulator
		{8258C1C0-E8D3-4E24-9F73-49F85BC477D2}.Release|x64.ActiveCfg = Release|iPhone
		{8258C1C0-E8D3-4E24-9F73-49F85BC477D2}.Release|x86.ActiveCfg = Release|iPhone
	EndGlobalSection
	GlobalSection(SolutionProperties) = preSolution
		HideSolutionNode = FALSE
	EndGlobalSection
	GlobalSection(ExtensibilityGlobals) = postSolution
		SolutionGuid = {006AA87F-C459-4CDB-8F99-EC5456020601}
	EndGlobalSection
EndGlobal
